
Microsoft Visual Studio Solution File, Format Version 12.00
# Visual Studio 14
VisualStudioVersion = 14.0.25420.1
MinimumVisualStudioVersion = 10.0.40219.1
Project("{FAE04EC0-301F-11D3-BF4B-00C04F79EFBC}") = "Day1AttrRoute", "Day1AttrRoute\Day1AttrRoute.csproj", "{EC691702-F22C-40B8-8191-EBED3FA2EF5C}"
EndProject
Project("{FAE04EC0-301F-11D3-BF4B-00C04F79EFBC}") = "Day1Hash", "Day1Hash\Day1Hash.csproj", "{D57F1A92-E244-4C8B-8A25-A720C0CE7ED1}"
EndProject
Project("{FAE04EC0-301F-11D3-BF4B-00C04F79EFBC}") = "Day4Uploads", "Day4Uploads\Day4Uploads.csproj", "{9C751B43-BB76-4B0D-855A-3343AED9257F}"
EndProject
Global
	GlobalSection(SolutionConfigurationPlatforms) = preSolution
		Debug|Any CPU = Debug|Any CPU
		Release|Any CPU = Release|Any CPU
	EndGlobalSection
	GlobalSection(ProjectConfigurationPlatforms) = postSolution
		{EC691702-F22C-40B8-8191-EBED3FA2EF5C}.Debug|Any CPU.ActiveCfg = Debug|Any CPU
		{EC691702-F22C-40B8-8191-EBED3FA2EF5C}.Debug|Any CPU.Build.0 = Debug|Any CPU
		{EC691702-F22C-40B8-8191-EBED3FA2EF5C}.Release|Any CPU.ActiveCfg = Release|Any CPU
		{EC691702-F22C-40B8-8191-EBED3FA2EF5C}.Release|Any CPU.Build.0 = Release|Any CPU
		{D57F1A92-E244-4C8B-8A25-A720C0CE7ED1}.Debug|Any CPU.ActiveCfg = Debug|Any CPU
		{D57F1A92-E244-4C8B-8A25-A720C0CE7ED1}.Debug|Any CPU.Build.0 = Debug|Any CPU
		{D57F1A92-E244-4C8B-8A25-A720C0CE7ED1}.Release|Any CPU.ActiveCfg = Release|Any CPU
		{D57F1A92-E244-4C8B-8A25-A720C0CE7ED1}.Release|Any CPU.Build.0 = Release|Any CPU
		{9C751B43-BB76-4B0D-855A-3343AED9257F}.Debug|Any CPU.ActiveCfg = Debug|Any CPU
		{9C751B43-BB76-4B0D-855A-3343AED9257F}.Debug|Any CPU.Build.0 = Debug|Any CPU
		{9C751B43-BB76-4B0D-855A-3343AED9257F}.Release|Any CPU.ActiveCfg = Release|Any CPU
		{9C751B43-BB76-4B0D-855A-3343AED9257F}.Release|Any CPU.Build.0 = Release|Any CPU
	EndGlobalSection
	GlobalSection(SolutionProperties) = preSolution
		HideSolutionNode = FALSE
	EndGlobalSection
EndGlobal
